
Microsoft Visual Studio Solution File, Format Version 12.00
# Visual Studio Version 17
VisualStudioVersion = 17.10.34916.146
MinimumVisualStudioVersion = 10.0.40219.1
Project("{FAE04EC0-301F-11D3-BF4B-00C04F79EFBC}") = "methods-task", "methods-task\methods-task.csproj", "{7D83D579-D18D-4DC7-AE8D-D7D6E4788901}"
EndProject
Global
	GlobalSection(SolutionConfigurationPlatforms) = preSolution
		Debug|Any CPU = Debug|Any CPU
		Release|Any CPU = Release|Any CPU
	EndGlobalSection
	GlobalSection(ProjectConfigurationPlatforms) = postSolution
		{7D83D579-D18D-4DC7-AE8D-D7D6E4788901}.Debug|Any CPU.ActiveCfg = Debug|Any CPU
		{7D83D579-D18D-4DC7-AE8D-D7D6E4788901}.Debug|Any CPU.Build.0 = Debug|Any CPU
		{7D83D579-D18D-4DC7-AE8D-D7D6E4788901}.Release|Any CPU.ActiveCfg = Release|Any CPU
		{7D83D579-D18D-4DC7-AE8D-D7D6E4788901}.Release|Any CPU.Build.0 = Release|Any CPU
	EndGlobalSection
	GlobalSection(SolutionProperties) = preSolution
		HideSolutionNode = FALSE
	EndGlobalSection
	GlobalSection(ExtensibilityGlobals) = postSolution
		SolutionGuid = {3D36A943-92D2-4268-B417-299DE5879447}
	EndGlobalSection
EndGlobal
